
Microsoft Visual Studio Solution File, Format Version 12.00
# Visual Studio Version 17
VisualStudioVersion = 17.4.33110.190
MinimumVisualStudioVersion = 10.0.40219.1
Project("{9A19103F-16F7-4668-BE54-9A1E7A4F7556}") = "CalculatorProgram", "CalculatorProgram.csproj", "{D994B73D-CFD7-48FA-981E-DC6F886DF57B}"
EndProject
Project("{9A19103F-16F7-4668-BE54-9A1E7A4F7556}") = "UnitTests", "..\UnitTests\UnitTests.csproj", "{638C28A3-E59B-4025-A4A9-8AEAF908B0CE}"
EndProject
Project("{FAE04EC0-301F-11D3-BF4B-00C04F79EFBC}") = "WebCalculator", "..\WebCalculator\WebCalculator.csproj", "{D2F16A1E-C8E4-40CF-9292-4ACE39A5E4A2}"
EndProject
Global
	GlobalSection(SolutionConfigurationPlatforms) = preSolution
		Debug|Any CPU = Debug|Any CPU
		Release|Any CPU = Release|Any CPU
	EndGlobalSection
	GlobalSection(ProjectConfigurationPlatforms) = postSolution
		{D994B73D-CFD7-48FA-981E-DC6F886DF57B}.Debug|Any CPU.ActiveCfg = Debug|Any CPU
		{D994B73D-CFD7-48FA-981E-DC6F886DF57B}.Debug|Any CPU.Build.0 = Debug|Any CPU
		{D994B73D-CFD7-48FA-981E-DC6F886DF57B}.Release|Any CPU.ActiveCfg = Release|Any CPU
		{D994B73D-CFD7-48FA-981E-DC6F886DF57B}.Release|Any CPU.Build.0 = Release|Any CPU
		{638C28A3-E59B-4025-A4A9-8AEAF908B0CE}.Debug|Any CPU.ActiveCfg = Debug|Any CPU
		{638C28A3-E59B-4025-A4A9-8AEAF908B0CE}.Debug|Any CPU.Build.0 = Debug|Any CPU
		{638C28A3-E59B-4025-A4A9-8AEAF908B0CE}.Release|Any CPU.ActiveCfg = Release|Any CPU
		{638C28A3-E59B-4025-A4A9-8AEAF908B0CE}.Release|Any CPU.Build.0 = Release|Any CPU
		{D2F16A1E-C8E4-40CF-9292-4ACE39A5E4A2}.Debug|Any CPU.ActiveCfg = Debug|Any CPU
		{D2F16A1E-C8E4-40CF-9292-4ACE39A5E4A2}.Debug|Any CPU.Build.0 = Debug|Any CPU
		{D2F16A1E-C8E4-40CF-9292-4ACE39A5E4A2}.Release|Any CPU.ActiveCfg = Release|Any CPU
		{D2F16A1E-C8E4-40CF-9292-4ACE39A5E4A2}.Release|Any CPU.Build.0 = Release|Any CPU
	EndGlobalSection
	GlobalSection(SolutionProperties) = preSolution
		HideSolutionNode = FALSE
	EndGlobalSection
	GlobalSection(ExtensibilityGlobals) = postSolution
		SolutionGuid = {DAB3C43F-77F3-4F03-AE92-5C39F2EC5FC6}
	EndGlobalSection
EndGlobal
