
Microsoft Visual Studio Solution File, Format Version 12.00
# Visual Studio Version 17
VisualStudioVersion = 17.4.33110.190
MinimumVisualStudioVersion = 10.0.40219.1
Project("{FAE04EC0-301F-11D3-BF4B-00C04F79EFBC}") = "CalculatorProgram", "CalculatorProgram.csproj", "{D994B73D-CFD7-48FA-981E-DC6F886DF57B}"
EndProject
Global
	GlobalSection(SolutionConfigurationPlatforms) = preSolution
		Debug|Any CPU = Debug|Any CPU
		Release|Any CPU = Release|Any CPU
	EndGlobalSection
	GlobalSection(ProjectConfigurationPlatforms) = postSolution
		{D994B73D-CFD7-48FA-981E-DC6F886DF57B}.Debug|Any CPU.ActiveCfg = Debug|Any CPU
		{D994B73D-CFD7-48FA-981E-DC6F886DF57B}.Debug|Any CPU.Build.0 = Debug|Any CPU
		{D994B73D-CFD7-48FA-981E-DC6F886DF57B}.Release|Any CPU.ActiveCfg = Release|Any CPU
		{D994B73D-CFD7-48FA-981E-DC6F886DF57B}.Release|Any CPU.Build.0 = Release|Any CPU
	EndGlobalSection
	GlobalSection(SolutionProperties) = preSolution
		HideSolutionNode = FALSE
	EndGlobalSection
	GlobalSection(ExtensibilityGlobals) = postSolution
		SolutionGuid = {DAB3C43F-77F3-4F03-AE92-5C39F2EC5FC6}
	EndGlobalSection
EndGlobal
